// !$*UTF8*$!
{
	archiveVersion = 1;
	classes = {
	};
	objectVersion = 46;
	objects = {

/* Begin PBXBuildFile section */
		C32B96E819ED75A8000A2900 /* main.m in Sources */ = {isa = PBXBuildFile; fileRef = C32B96E719ED75A8000A2900 /* main.m */; };
		C32B96EB19ED75A8000A2900 /* AppDelegate.m in Sources */ = {isa = PBXBuildFile; fileRef = C32B96EA19ED75A8000A2900 /* AppDelegate.m */; };
		C32B96EE19ED75A8000A2900 /* ViewController.m in Sources */ = {isa = PBXBuildFile; fileRef = C32B96ED19ED75A8000A2900 /* ViewController.m */; };
		C32B96F119ED75A8000A2900 /* Main.storyboard in Resources */ = {isa = PBXBuildFile; fileRef = C32B96EF19ED75A8000A2900 /* Main.storyboard */; };
		C32B96F619ED75A8000A2900 /* LaunchScreen.xib in Resources */ = {isa = PBXBuildFile; fileRef = C32B96F419ED75A8000A2900 /* LaunchScreen.xib */; };
		C32B970219ED75A8000A2900 /* MobileMapperTests.m in Sources */ = {isa = PBXBuildFile; fileRef = C32B970119ED75A8000A2900 /* MobileMapperTests.m */; };
		C32B970C19ED7612000A2900 /* MapKit.framework in Frameworks */ = {isa = PBXBuildFile; fileRef = C32B970B19ED7612000A2900 /* MapKit.framework */; };
		C32B970E19ED7E6E000A2900 /* mobilemakers.png in Resources */ = {isa = PBXBuildFile; fileRef = C32B970D19ED7E6E000A2900 /* mobilemakers.png */; };
/* End PBXBuildFile section */

/* Begin PBXContainerItemProxy section */
		C32B96FC19ED75A8000A2900 /* PBXContainerItemProxy */ = {
			isa = PBXContainerItemProxy;
			containerPortal = C32B96DA19ED75A8000A2900 /* Project object */;
			proxyType = 1;
			remoteGlobalIDString = C32B96E119ED75A8000A2900;
			remoteInfo = MobileMapper;
		};
/* End PBXContainerItemProxy section */

/* Begin PBXFileReference section */
		C32B96E219ED75A8000A2900 /* MobileMapper.app */ = {isa = PBXFileReference; explicitFileType = wrapper.application; includeInIndex = 0; path = MobileMapper.app; sourceTree = BUILT_PRODUCTS_DIR; };
		C32B96E619ED75A8000A2900 /* Info.plist */ = {isa = PBXFileReference; lastKnownFileType = text.plist.xml; path = Info.plist; sourceTree = "<group>"; };
		C32B96E719ED75A8000A2900 /* main.m */ = {isa = PBXFileReference; lastKnownFileType = sourcecode.c.objc; path = main.m; sourceTree = "<group>"; };
		C32B96E919ED75A8000A2900 /* AppDelegate.h */ = {isa = PBXFileReference; lastKnownFileType = sourcecode.c.h; path = AppDelegate.h; sourceTree = "<group>"; };
		C32B96EA19ED75A8000A2900 /* AppDelegate.m */ = {isa = PBXFileReference; lastKnownFileType = sourcecode.c.objc; path = AppDelegate.m; sourceTree = "<group>"; };
		C32B96EC19ED75A8000A2900 /* ViewController.h */ = {isa = PBXFileReference; lastKnownFileType = sourcecode.c.h; path = ViewController.h; sourceTree = "<group>"; };
		C32B96ED19ED75A8000A2900 /* ViewController.m */ = {isa = PBXFileReference; lastKnownFileType = sourcecode.c.objc; path = ViewController.m; sourceTree = "<group>"; };
		C32B96F019ED75A8000A2900 /* Base */ = {isa = PBXFileReference; lastKnownFileType = file.storyboard; name = Base; path = Base.lproj/Main.storyboard; sourceTree = "<group>"; };
		C32B96F519ED75A8000A2900 /* Base */ = {isa = PBXFileReference; lastKnownFileType = file.xib; name = Base; path = Base.lproj/LaunchScreen.xib; sourceTree = "<group>"; };
		C32B96FB19ED75A8000A2900 /* MobileMapperTests.xctest */ = {isa = PBXFileReference; explicitFileType = wrapper.cfbundle; includeInIndex = 0; path = MobileMapperTests.xctest; sourceTree = BUILT_PRODUCTS_DIR; };
		C32B970019ED75A8000A2900 /* Info.plist */ = {isa = PBXFileReference; lastKnownFileType = text.plist.xml; path = Info.plist; sourceTree = "<group>"; };
		C32B970119ED75A8000A2900 /* MobileMapperTests.m */ = {isa = PBXFileReference; lastKnownFileType = sourcecode.c.objc; path = MobileMapperTests.m; sourceTree = "<group>"; };
		C32B970B19ED7612000A2900 /* MapKit.framework */ = {isa = PBXFileReference; lastKnownFileType = wrapper.framework; name = MapKit.framework; path = System/Library/Frameworks/MapKit.framework; sourceTree = SDKROOT; };
		C32B970D19ED7E6E000A2900 /* mobilemakers.png */ = {isa = PBXFileReference; lastKnownFileType = image.png; name = mobilemakers.png; path = ../../../../../../Downloads/mobilemakers.png; sourceTree = "<group>"; };
/* End PBXFileReference section */

/* Begin PBXFrameworksBuildPhase section */
		C32B96DF19ED75A8000A2900 /* Frameworks */ = {
			isa = PBXFrameworksBuildPhase;
			buildActionMask = 2147483647;
			files = (
				C32B970C19ED7612000A2900 /* MapKit.framework in Frameworks */,
			);
			runOnlyForDeploymentPostprocessing = 0;
		};
		C32B96F819ED75A8000A2900 /* Frameworks */ = {
			isa = PBXFrameworksBuildPhase;
			buildActionMask = 2147483647;
			files = (
			);
			runOnlyForDeploymentPostprocessing = 0;
		};
/* End PBXFrameworksBuildPhase section */

/* Begin PBXGroup section */
		C32B96D919ED75A8000A2900 = {
			isa = PBXGroup;
			children = (
				C32B970B19ED7612000A2900 /* MapKit.framework */,
				C32B96E419ED75A8000A2900 /* MobileMapper */,
				C32B96FE19ED75A8000A2900 /* MobileMapperTests */,
				C32B96E319ED75A8000A2900 /* Products */,
			);
			sourceTree = "<group>";
		};
		C32B96E319ED75A8000A2900 /* Products */ = {
			isa = PBXGroup;
			children = (
				C32B96E219ED75A8000A2900 /* MobileMapper.app */,
				C32B96FB19ED75A8000A2900 /* MobileMapperTests.xctest */,
			);
			name = Products;
			sourceTree = "<group>";
		};
		C32B96E419ED75A8000A2900 /* MobileMapper */ = {
			isa = PBXGroup;
			children = (
				C32B970D19ED7E6E000A2900 /* mobilemakers.png */,
				C32B96E919ED75A8000A2900 /* AppDelegate.h */,
				C32B96EA19ED75A8000A2900 /* AppDelegate.m */,
				C32B96EC19ED75A8000A2900 /* ViewController.h */,
				C32B96ED19ED75A8000A2900 /* ViewController.m */,
				C32B96EF19ED75A8000A2900 /* Main.storyboard */,
				C32B96F419ED75A8000A2900 /* LaunchScreen.xib */,
				C32B96E519ED75A8000A2900 /* Supporting Files */,
			);
			path = MobileMapper;
			sourceTree = "<group>";
		};
		C32B96E519ED75A8000A2900 /* Supporting Files */ = {
			isa = PBXGroup;
			children = (
				C32B96E619ED75A8000A2900 /* Info.plist */,
				C32B96E719ED75A8000A2900 /* main.m */,
			);
			name = "Supporting Files";
			sourceTree = "<group>";
		};
		C32B96FE19ED75A8000A2900 /* MobileMapperTests */ = {
			isa = PBXGroup;
			children = (
				C32B970119ED75A8000A2900 /* MobileMapperTests.m */,
				C32B96FF19ED75A8000A2900 /* Supporting Files */,
			);
			path = MobileMapperTests;
			sourceTree = "<group>";
		};
		C32B96FF19ED75A8000A2900 /* Supporting Files */ = {
			isa = PBXGroup;
			children = (
				C32B970019ED75A8000A2900 /* Info.plist */,
			);
			name = "Supporting Files";
			sourceTree = "<group>";
		};
/* End PBXGroup section */

/* Begin PBXNativeTarget section */
		C32B96E119ED75A8000A2900 /* MobileMapper */ = {
			isa = PBXNativeTarget;
			buildConfigurationList = C32B970519ED75A8000A2900 /* Build configuration list for PBXNativeTarget "MobileMapper" */;
			buildPhases = (
				C32B96DE19ED75A8000A2900 /* Sources */,
				C32B96DF19ED75A8000A2900 /* Frameworks */,
				C32B96E019ED75A8000A2900 /* Resources */,
			);
			buildRules = (
			);
			dependencies = (
			);
			name = MobileMapper;
			productName = MobileMapper;
			productReference = C32B96E219ED75A8000A2900 /* MobileMapper.app */;
			productType = "com.apple.product-type.application";
		};
		C32B96FA19ED75A8000A2900 /* MobileMapperTests */ = {
			isa = PBXNativeTarget;
			buildConfigurationList = C32B970819ED75A8000A2900 /* Build configuration list for PBXNativeTarget "MobileMapperTests" */;
			buildPhases = (
				C32B96F719ED75A8000A2900 /* Sources */,
				C32B96F819ED75A8000A2900 /* Frameworks */,
				C32B96F919ED75A8000A2900 /* Resources */,
			);
			buildRules = (
			);
			dependencies = (
				C32B96FD19ED75A8000A2900 /* PBXTargetDependency */,
			);
			name = MobileMapperTests;
			productName = MobileMapperTests;
			productReference = C32B96FB19ED75A8000A2900 /* MobileMapperTests.xctest */;
			productType = "com.apple.product-type.bundle.unit-test";
		};
/* End PBXNativeTarget section */

/* Begin PBXProject section */
		C32B96DA19ED75A8000A2900 /* Project object */ = {
			isa = PBXProject;
			attributes = {
				LastUpgradeCheck = 0600;
				ORGANIZATIONNAME = asda;
				TargetAttributes = {
					C32B96E119ED75A8000A2900 = {
						CreatedOnToolsVersion = 6.0.1;
					};
					C32B96FA19ED75A8000A2900 = {
						CreatedOnToolsVersion = 6.0.1;
						TestTargetID = C32B96E119ED75A8000A2900;
					};
				};
			};
			buildConfigurationList = C32B96DD19ED75A8000A2900 /* Build configuration list for PBXProject "MobileMapper" */;
			compatibilityVersion = "Xcode 3.2";
			developmentRegion = English;
			hasScannedForEncodings = 0;
			knownRegions = (
				en,
				Base,
			);
			mainGroup = C32B96D919ED75A8000A2900;
			productRefGroup = C32B96E319ED75A8000A2900 /* Products */;
			projectDirPath = "";
			projectRoot = "";
			targets = (
				C32B96E119ED75A8000A2900 /* MobileMapper */,
				C32B96FA19ED75A8000A2900 /* MobileMapperTests */,
			);
		};
/* End PBXProject section */

/* Begin PBXResourcesBuildPhase section */
		C32B96E019ED75A8000A2900 /* Resources */ = {
			isa = PBXResourcesBuildPhase;
			buildActionMask = 2147483647;
			files = (
				C32B96F119ED75A8000A2900 /* Main.storyboard in Resources */,
				C32B970E19ED7E6E000A2900 /* mobilemakers.png in Resources */,
				C32B96F619ED75A8000A2900 /* LaunchScreen.xib in Resources */,
			);
			runOnlyForDeploymentPostprocessing = 0;
		};
		C32B96F919ED75A8000A2900 /* Resources */ = {
			isa = PBXResourcesBuildPhase;
			buildActionMask = 2147483647;
			files = (
			);
			runOnlyForDeploymentPostprocessing = 0;
		};
/* End PBXResourcesBuildPhase section */

/* Begin PBXSourcesBuildPhase section */
		C32B96DE19ED75A8000A2900 /* Sources */ = {
			isa = PBXSourcesBuildPhase;
			buildActionMask = 2147483647;
			files = (
				C32B96EE19ED75A8000A2900 /* ViewController.m in Sources */,
				C32B96EB19ED75A8000A2900 /* AppDelegate.m in Sources */,
				C32B96E819ED75A8000A2900 /* main.m in Sources */,
			);
			runOnlyForDeploymentPostprocessing = 0;
		};
		C32B96F719ED75A8000A2900 /* Sources */ = {
			isa = PBXSourcesBuildPhase;
			buildActionMask = 2147483647;
			files = (
				C32B970219ED75A8000A2900 /* MobileMapperTests.m in Sources */,
			);
			runOnlyForDeploymentPostprocessing = 0;
		};
/* End PBXSourcesBuildPhase section */

/* Begin PBXTargetDependency section */
		C32B96FD19ED75A8000A2900 /* PBXTargetDependency */ = {
			isa = PBXTargetDependency;
			target = C32B96E119ED75A8000A2900 /* MobileMapper */;
			targetProxy = C32B96FC19ED75A8000A2900 /* PBXContainerItemProxy */;
		};
/* End PBXTargetDependency section */

/* Begin PBXVariantGroup section */
		C32B96EF19ED75A8000A2900 /* Main.storyboard */ = {
			isa = PBXVariantGroup;
			children = (
				C32B96F019ED75A8000A2900 /* Base */,
			);
			name = Main.storyboard;
			sourceTree = "<group>";
		};
		C32B96F419ED75A8000A2900 /* LaunchScreen.xib */ = {
			isa = PBXVariantGroup;
			children = (
				C32B96F519ED75A8000A2900 /* Base */,
			);
			name = LaunchScreen.xib;
			sourceTree = "<group>";
		};
/* End PBXVariantGroup section */

/* Begin XCBuildConfiguration section */
		C32B970319ED75A8000A2900 /* Debug */ = {
			isa = XCBuildConfiguration;
			buildSettings = {
				ALWAYS_SEARCH_USER_PATHS = NO;
				CLANG_CXX_LANGUAGE_STANDARD = "gnu++0x";
				CLANG_CXX_LIBRARY = "libc++";
				CLANG_ENABLE_MODULES = YES;
				CLANG_ENABLE_OBJC_ARC = YES;
				CLANG_WARN_BOOL_CONVERSION = YES;
				CLANG_WARN_CONSTANT_CONVERSION = YES;
				CLANG_WARN_DIRECT_OBJC_ISA_USAGE = YES_ERROR;
				CLANG_WARN_EMPTY_BODY = YES;
				CLANG_WARN_ENUM_CONVERSION = YES;
				CLANG_WARN_INT_CONVERSION = YES;
				CLANG_WARN_OBJC_ROOT_CLASS = YES_ERROR;
				CLANG_WARN_UNREACHABLE_CODE = YES;
				CLANG_WARN__DUPLICATE_METHOD_MATCH = YES;
				"CODE_SIGN_IDENTITY[sdk=iphoneos*]" = "iPhone Developer";
				COPY_PHASE_STRIP = NO;
				ENABLE_STRICT_OBJC_MSGSEND = YES;
				GCC_C_LANGUAGE_STANDARD = gnu99;
				GCC_DYNAMIC_NO_PIC = NO;
				GCC_OPTIMIZATION_LEVEL = 0;
				GCC_PREPROCESSOR_DEFINITIONS = (
					"DEBUG=1",
					"$(inherited)",
				);
				GCC_SYMBOLS_PRIVATE_EXTERN = NO;
				GCC_WARN_64_TO_32_BIT_CONVERSION = YES;
				GCC_WARN_ABOUT_RETURN_TYPE = YES_ERROR;
				GCC_WARN_UNDECLARED_SELECTOR = YES;
				GCC_WARN_UNINITIALIZED_AUTOS = YES_AGGRESSIVE;
				GCC_WARN_UNUSED_FUNCTION = YES;
				GCC_WARN_UNUSED_VARIABLE = YES;
				IPHONEOS_DEPLOYMENT_TARGET = 8.0;
				MTL_ENABLE_DEBUG_INFO = YES;
				ONLY_ACTIVE_ARCH = YES;
				SDKROOT = iphoneos;
			};
			name = Debug;
		};
		C32B970419ED75A8000A2900 /* Release */ = {
			isa = XCBuildConfiguration;
			buildSettings = {
				ALWAYS_SEARCH_USER_PATHS = NO;
				CLANG_CXX_LANGUAGE_STANDARD = "gnu++0x";
				CLANG_CXX_LIBRARY = "libc++";
				CLANG_ENABLE_MODULES = YES;
				CLANG_ENABLE_OBJC_ARC = YES;
				CLANG_WARN_BOOL_CONVERSION = YES;
				CLANG_WARN_CONSTANT_CONVERSION = YES;
				CLANG_WARN_DIRECT_OBJC_ISA_USAGE = YES_ERROR;
				CLANG_WARN_EMPTY_BODY = YES;
				CLANG_WARN_ENUM_CONVERSION = YES;
				CLANG_WARN_INT_CONVERSION = YES;
				CLANG_WARN_OBJC_ROOT_CLASS = YES_ERROR;
				CLANG_WARN_UNREACHABLE_CODE = YES;
				CLANG_WARN__DUPLICATE_METHOD_MATCH = YES;
				"CODE_SIGN_IDENTITY[sdk=iphoneos*]" = "iPhone Developer";
				COPY_PHASE_STRIP = YES;
				ENABLE_NS_ASSERTIONS = NO;
				ENABLE_STRICT_OBJC_MSGSEND = YES;
				GCC_C_LANGUAGE_STANDARD = gnu99;
				GCC_WARN_64_TO_32_BIT_CONVERSION = YES;
				GCC_WARN_ABOUT_RETURN_TYPE = YES_ERROR;
				GCC_WARN_UNDECLARED_SELECTOR = YES;
				GCC_WARN_UNINITIALIZED_AUTOS = YES_AGGRESSIVE;
				GCC_WARN_UNUSED_FUNCTION = YES;
				GCC_WARN_UNUSED_VARIABLE = YES;
				IPHONEOS_DEPLOYMENT_TARGET = 8.0;
				MTL_ENABLE_DEBUG_INFO = NO;
				SDKROOT = iphoneos;
				VALIDATE_PRODUCT = YES;
			};
			name = Release;
		};
		C32B970619ED75A8000A2900 /* Debug */ = {
			isa = XCBuildConfiguration;
			buildSettings = {
				ASSETCATALOG_COMPILER_APPICON_NAME = AppIcon;
				INFOPLIST_FILE = MobileMapper/Info.plist;
				LD_RUNPATH_SEARCH_PATHS = "$(inherited) @executable_path/Frameworks";
				PRODUCT_NAME = "$(TARGET_NAME)";
			};
			name = Debug;
		};
		C32B970719ED75A8000A2900 /* Release */ = {
			isa = XCBuildConfiguration;
			buildSettings = {
				ASSETCATALOG_COMPILER_APPICON_NAME = AppIcon;
				INFOPLIST_FILE = MobileMapper/Info.plist;
				LD_RUNPATH_SEARCH_PATHS = "$(inherited) @executable_path/Frameworks";
				PRODUCT_NAME = "$(TARGET_NAME)";
			};
			name = Release;
		};
		C32B970919ED75A8000A2900 /* Debug */ = {
			isa = XCBuildConfiguration;
			buildSettings = {
				BUNDLE_LOADER = "$(TEST_HOST)";
				FRAMEWORK_SEARCH_PATHS = (
					"$(SDKROOT)/Developer/Library/Frameworks",
					"$(inherited)",
				);
				GCC_PREPROCESSOR_DEFINITIONS = (
					"DEBUG=1",
					"$(inherited)",
				);
				INFOPLIST_FILE = MobileMapperTests/Info.plist;
				LD_RUNPATH_SEARCH_PATHS = "$(inherited) @executable_path/Frameworks @loader_path/Frameworks";
				PRODUCT_NAME = "$(TARGET_NAME)";
				TEST_HOST = "$(BUILT_PRODUCTS_DIR)/MobileMapper.app/MobileMapper";
			};
			name = Debug;
		};
		C32B970A19ED75A8000A2900 /* Release */ = {
			isa = XCBuildConfiguration;
			buildSettings = {
				BUNDLE_LOADER = "$(TEST_HOST)";
				FRAMEWORK_SEARCH_PATHS = (
					"$(SDKROOT)/Developer/Library/Frameworks",
					"$(inherited)",
				);
				INFOPLIST_FILE = MobileMapperTests/Info.plist;
				LD_RUNPATH_SEARCH_PATHS = "$(inherited) @executable_path/Frameworks @loader_path/Frameworks";
				PRODUCT_NAME = "$(TARGET_NAME)";
				TEST_HOST = "$(BUILT_PRODUCTS_DIR)/MobileMapper.app/MobileMapper";
			};
			name = Release;
		};
/* End XCBuildConfiguration section */

/* Begin XCConfigurationList section */
		C32B96DD19ED75A8000A2900 /* Build configuration list for PBXProject "MobileMapper" */ = {
			isa = XCConfigurationList;
			buildConfigurations = (
				C32B970319ED75A8000A2900 /* Debug */,
				C32B970419ED75A8000A2900 /* Release */,
			);
			defaultConfigurationIsVisible = 0;
			defaultConfigurationName = Release;
		};
		C32B970519ED75A8000A2900 /* Build configuration list for PBXNativeTarget "MobileMapper" */ = {
			isa = XCConfigurationList;
			buildConfigurations = (
				C32B970619ED75A8000A2900 /* Debug */,
				C32B970719ED75A8000A2900 /* Release */,
			);
			defaultConfigurationIsVisible = 0;
		};
		C32B970819ED75A8000A2900 /* Build configuration list for PBXNativeTarget "MobileMapperTests" */ = {
			isa = XCConfigurationList;
			buildConfigurations = (
				C32B970919ED75A8000A2900 /* Debug */,
				C32B970A19ED75A8000A2900 /* Release */,
			);
			defaultConfigurationIsVisible = 0;
		};
/* End XCConfigurationList section */
	};
	rootObject = C32B96DA19ED75A8000A2900 /* Project object */;
}
